github.com/davecgh/go-spew v1.1.1 h1:vj9j/u1bqnvCEfJOwUhtlOARqs3+rkHYY13jYWTU97c=
github.com/davecgh/go-spew v1.1.1/go.mod h1:J7Y8YcW2NihsgmVo/mv3lAwl/skON4iLHjSsI+c5H38=
github.com/gokit/errors v0.0.0-20181111123208-c5d2423f57fe h1:ialcZn3JZvJOHViYYiZ/aoL1ZT57GBTjZ6YZyqVWZvI=
github.com/gokit/errors v0.0.0-20181111123208-c5d2423f57fe/go.mod h1:EeKi4sLTXeZQF2QKAgJ1wipxoQixyEVLPJaama/Q4tw=
github.com/gokit/es v0.0.0-20181119091109-8d78b96ec2c1 h1:+VDULs6ijCQWkOqHALEshqkvP5VWwkuWSv1bQ7tIXXU=
github.com/gokit/es v0.0.0-20181119091109-8d78b96ec2c1/go.mod h1:3f6IH7olKgOkrbGNSgNm00Xyg2ltlMEAam213HgkxHI=
github.com/gokit/xid v1.2.2 h1:F/WWbn9+tOOXM1Fi6/D+VJNaY4vY1BjwPW2apD3kHjc=
github.com/gokit/xid v1.2.2/go.mod h1:Uzq+MT5Jix7O/f+fugfoXLUcm2K3hr4nlM+mQDPvIMQ=
github.com/gopherjs/gopherjs v0.0.0-20181017120253-0766667cb4d1 h1:EGx4pi6eqNxGaHF6qqu48+N2wcFQ5qg5FXgOdqsJ5d8=
github.com/gopherjs/gopherjs v0.0.0-20181017120253-0766667cb4d1/go.mod h1:wJfORRmW1u3UXTncJ5qlYoELFm8eSnnEO6hX4iZ3EWY=
github.com/pmezard/go-difflib v1.0.0 h1:4DBwDE0NGyQoBHbLQYPwSUPoCMWR5BEzIk/f1lZbAQM=
github.com/pmezard/go-difflib v1.0.0/go.mod h1:iKH77koFhYxTK1pcRnkKkqfTogsbg7gZNVY4sRDYZ/4=
github.com/serialx/hashring v0.0.0-20180504054112-49a4782e9908 h1:RRpyb4kheanCQVyYfOhkZoD/cwClvn12RzHex2ZmHxw=
github.com/serialx/hashring v0.0.0-20180504054112-49a4782e9908/go.mod h1:/yeG0My1xr/u+HZrFQ1tOQQQQrOawfyMUH13ai5brBc=
github.com/stretchr/testify v1.2.2 h1:bSDNvY7ZPG5RlJ8otE/7V6gMiyenm9RtJ7IUVIAoJ1w=
github.com/stretchr/testify v1.2.2/go.mod h1:a8OnRcib4nhh0OaRAV+Yts87kKdq0PP7pXfy6kDkUVs=
