github.com/davecgh/go-spew v1.1.1 h1:vj9j/u1bqnvCEfJOwUhtlOARqs3+rkHYY13jYWTU97c=
github.com/davecgh/go-spew v1.1.1/go.mod h1:J7Y8YcW2NihsgmVo/mv3lAwl/skON4iLHjSsI+c5H38=
github.com/gokit/errors v0.0.0-20181009182346-15cf66a82a98 h1:f1jOPatbZPT2BONfZA3fzLfG/+5RDKBv/lJ28y11zcc=
github.com/gokit/errors v0.0.0-20181009182346-15cf66a82a98/go.mod h1:ipykB/QrFXRTDj7gnqpIPJGoH8TN0FRQqAuKUUOZg9E=
github.com/gokit/errors v0.0.0-20181025002442-daf9c862cc40 h1:ef5Ln8hoIamTqLiVApriIaN86QfCHW8z2HytlchkLp8=
github.com/gokit/errors v0.0.0-20181025002442-daf9c862cc40/go.mod h1:ipykB/QrFXRTDj7gnqpIPJGoH8TN0FRQqAuKUUOZg9E=
github.com/gokit/errors v0.0.0-20181025003700-b937d5146b9f h1:GaI4M0Iv4BrbUbQ58XqdPwXxOG/1sLD1ErXWHYq5Z/Q=
github.com/gokit/errors v0.0.0-20181025003700-b937d5146b9f/go.mod h1:ipykB/QrFXRTDj7gnqpIPJGoH8TN0FRQqAuKUUOZg9E=
github.com/gokit/errors v0.0.0-20181026114739-c7f9deedc84f h1:rOsbuFK3yuqr9E44ryKZBPW/NZj50WooBqaDBLU4oyI=
github.com/gokit/errors v0.0.0-20181026114739-c7f9deedc84f/go.mod h1:ipykB/QrFXRTDj7gnqpIPJGoH8TN0FRQqAuKUUOZg9E=
github.com/gokit/errors v0.0.0-20181026120426-7a8e9e77d6a3 h1:TD1Lg0mqXKbjneWHZmR9b4l++vVAvY0xBgtBHMOvMAc=
github.com/gokit/errors v0.0.0-20181026120426-7a8e9e77d6a3/go.mod h1:ipykB/QrFXRTDj7gnqpIPJGoH8TN0FRQqAuKUUOZg9E=
github.com/gokit/errors v0.0.0-20181028180812-faa548fa487e h1:Fe31UPAhrBzCyqTGm9UMQ94ayrZ9zv07m+ovFT47le4=
github.com/gokit/errors v0.0.0-20181028180812-faa548fa487e/go.mod h1:ipykB/QrFXRTDj7gnqpIPJGoH8TN0FRQqAuKUUOZg9E=
github.com/gokit/errors v0.0.0-20181110102931-ad3a02379de2 h1:vcRzfl1wBuAgQZmJzEdZPmGGdsTjnBhlq3+jPUbK7rk=
github.com/gokit/errors v0.0.0-20181110102931-ad3a02379de2/go.mod h1:EeKi4sLTXeZQF2QKAgJ1wipxoQixyEVLPJaama/Q4tw=
github.com/gokit/errors v0.0.0-20181110182801-475190d40f3e h1:11FWZXBpFA+ZnXh+19I8BTj+Lh8FSXqNpolNkieTs10=
github.com/gokit/errors v0.0.0-20181110182801-475190d40f3e/go.mod h1:EeKi4sLTXeZQF2QKAgJ1wipxoQixyEVLPJaama/Q4tw=
github.com/gokit/errors v0.0.0-20181111123208-c5d2423f57fe h1:ialcZn3JZvJOHViYYiZ/aoL1ZT57GBTjZ6YZyqVWZvI=
github.com/gokit/errors v0.0.0-20181111123208-c5d2423f57fe/go.mod h1:EeKi4sLTXeZQF2QKAgJ1wipxoQixyEVLPJaama/Q4tw=
github.com/gokit/es v0.0.0-20181019151655-b31c4bdc4ad7 h1:9JJfPoUUpjeImyRSPb9BD3jL3ASS0a/9uo9EFXdRbCM=
github.com/gokit/es v0.0.0-20181019151655-b31c4bdc4ad7/go.mod h1:u590NupW7qC90r1MhdNhQoHKY0WYGdHDo/4YszwlS1o=
github.com/gokit/es v0.0.0-20181110103359-c61e83ce789f h1:0CR2pHS2XfYiTj73CZds93JRrR+MBaWl5NmdH2VpYqc=
github.com/gokit/es v0.0.0-20181110103359-c61e83ce789f/go.mod h1:u590NupW7qC90r1MhdNhQoHKY0WYGdHDo/4YszwlS1o=
github.com/gokit/es v0.0.0-20181119060828-b47412d74583 h1:7AvU2IXzyL02dng/q3aX+j2Gl+dEEZ5ScPx+3rYm0f8=
github.com/gokit/es v0.0.0-20181119060828-b47412d74583/go.mod h1:3f6IH7olKgOkrbGNSgNm00Xyg2ltlMEAam213HgkxHI=
github.com/gokit/es v0.0.0-20181119091109-8d78b96ec2c1 h1:+VDULs6ijCQWkOqHALEshqkvP5VWwkuWSv1bQ7tIXXU=
github.com/gokit/es v0.0.0-20181119091109-8d78b96ec2c1/go.mod h1:3f6IH7olKgOkrbGNSgNm00Xyg2ltlMEAam213HgkxHI=
github.com/gokit/futurechain v0.0.0-20181027053849-6f35d2aed70b h1:+pY/JwoxrcoS3uVuGClbA2LumPHVT94aM8UgOh+e8SE=
github.com/gokit/futurechain v0.0.0-20181027053849-6f35d2aed70b/go.mod h1:gGl5VWei4qAvUe2lOfTlixAs51xMV0+OmKE3H4k0ntc=
github.com/gokit/futurechain v0.0.0-20181027094057-cfba8de25ab9 h1:gabe6DCLs6lYbmmyGhdHQChyZ+Tw9zvDKO3QWh9tNAM=
github.com/gokit/futurechain v0.0.0-20181027094057-cfba8de25ab9/go.mod h1:gGl5VWei4qAvUe2lOfTlixAs51xMV0+OmKE3H4k0ntc=
github.com/gokit/futurechain v0.0.0-20181027094912-a5362f098bb5 h1:imlS7veWzr/ZKNxfnbSIfL96s+M/iZw9gAYIbDC2JpY=
github.com/gokit/futurechain v0.0.0-20181027094912-a5362f098bb5/go.mod h1:gGl5VWei4qAvUe2lOfTlixAs51xMV0+OmKE3H4k0ntc=
github.com/gokit/futurechain v0.0.0-20181027101149-acfbc6c3509a h1:n+P62cr07My2hfPYi1uNWzPYhNry+02L6M1w7vHy1zM=
github.com/gokit/futurechain v0.0.0-20181027101149-acfbc6c3509a/go.mod h1:gGl5VWei4qAvUe2lOfTlixAs51xMV0+OmKE3H4k0ntc=
github.com/gokit/futurechain v0.0.0-20181027102352-a22d34a28e2f h1:whZhtrGM0LJmAw51FA9S02IICiGwZoI6WIyQM3pzlD4=
github.com/gokit/futurechain v0.0.0-20181027102352-a22d34a28e2f/go.mod h1:gGl5VWei4qAvUe2lOfTlixAs51xMV0+OmKE3H4k0ntc=
github.com/gokit/futurechain v0.0.0-20181028091207-7fc8ae61dfed h1:F5nFcAld4xDFLQcEkUPj5sWiosMNr/JRvYgyKvlc6oM=
github.com/gokit/futurechain v0.0.0-20181028091207-7fc8ae61dfed/go.mod h1:gGl5VWei4qAvUe2lOfTlixAs51xMV0+OmKE3H4k0ntc=
github.com/gokit/futurechain v0.0.0-20181028092304-940f8b7a813d h1:qBcMHjD55Uof5bjbwfwQdNE1V1jhz7PgUcq/Ru6YPC0=
github.com/gokit/futurechain v0.0.0-20181028092304-940f8b7a813d/go.mod h1:gGl5VWei4qAvUe2lOfTlixAs51xMV0+OmKE3H4k0ntc=
github.com/gokit/futurechain v0.0.0-20181113181610-c76f22e08c57 h1:mQWXvTxkQyirtUmYF+IYO+FBSB8uqnUZAFplvU/T1+I=
github.com/gokit/futurechain v0.0.0-20181113181610-c76f22e08c57/go.mod h1:gGl5VWei4qAvUe2lOfTlixAs51xMV0+OmKE3H4k0ntc=
github.com/gokit/futurechain v0.0.0-20181113182145-5452c1cd981d h1:W7ZFPw/owcXYvwlVXTHe0s/XvOY6u7TzeeOakRgSDgc=
github.com/gokit/futurechain v0.0.0-20181113182145-5452c1cd981d/go.mod h1:gGl5VWei4qAvUe2lOfTlixAs51xMV0+OmKE3H4k0ntc=
github.com/gokit/xid v1.2.2 h1:F/WWbn9+tOOXM1Fi6/D+VJNaY4vY1BjwPW2apD3kHjc=
github.com/gokit/xid v1.2.2/go.mod h1:Uzq+MT5Jix7O/f+fugfoXLUcm2K3hr4nlM+mQDPvIMQ=
github.com/gopherjs/gopherjs v0.0.0-20181017120253-0766667cb4d1 h1:EGx4pi6eqNxGaHF6qqu48+N2wcFQ5qg5FXgOdqsJ5d8=
github.com/gopherjs/gopherjs v0.0.0-20181017120253-0766667cb4d1/go.mod h1:wJfORRmW1u3UXTncJ5qlYoELFm8eSnnEO6hX4iZ3EWY=
github.com/pmezard/go-difflib v1.0.0 h1:4DBwDE0NGyQoBHbLQYPwSUPoCMWR5BEzIk/f1lZbAQM=
github.com/pmezard/go-difflib v1.0.0/go.mod h1:iKH77koFhYxTK1pcRnkKkqfTogsbg7gZNVY4sRDYZ/4=
github.com/serialx/hashring v0.0.0-20180504054112-49a4782e9908 h1:RRpyb4kheanCQVyYfOhkZoD/cwClvn12RzHex2ZmHxw=
github.com/serialx/hashring v0.0.0-20180504054112-49a4782e9908/go.mod h1:/yeG0My1xr/u+HZrFQ1tOQQQQrOawfyMUH13ai5brBc=
github.com/stretchr/objx v0.1.1/go.mod h1:HFkY916IF+rwdDfMAkV7OtwuqBVzrE8GR6GFx+wExME=
github.com/stretchr/testify v1.2.2 h1:bSDNvY7ZPG5RlJ8otE/7V6gMiyenm9RtJ7IUVIAoJ1w=
github.com/stretchr/testify v1.2.2/go.mod h1:a8OnRcib4nhh0OaRAV+Yts87kKdq0PP7pXfy6kDkUVs=
golang.org/x/net v0.0.0-20181017193950-04a2e542c03f h1:4pRM7zYwpBjCnfA1jRmhItLxYJkaEnsmuAcRtA347DA=
golang.org/x/net v0.0.0-20181017193950-04a2e542c03f/go.mod h1:mL1N/T3taQHkDXs73rZJwtUhF3w3ftmwwsq0BUmARs4=
golang.org/x/net v0.0.0-20181023162649-9b4f9f5ad519 h1:x6rhz8Y9CjbgQkccRGmELH6K+LJj7tOoh3XWeC1yaQM=
golang.org/x/net v0.0.0-20181023162649-9b4f9f5ad519/go.mod h1:mL1N/T3taQHkDXs73rZJwtUhF3w3ftmwwsq0BUmARs4=
golang.org/x/net v0.0.0-20181113165502-88d92db4c548/go.mod h1:mL1N/T3taQHkDXs73rZJwtUhF3w3ftmwwsq0BUmARs4=
golang.org/x/sync v0.0.0-20180314180146-1d60e4601c6f h1:wMNYb4v58l5UBM7MYRLPG6ZhfOqbKu7X5eyFl8ZhKvA=
golang.org/x/sync v0.0.0-20180314180146-1d60e4601c6f/go.mod h1:RxMgew5VJxzue5/jJTE5uejpjVlOe/izrB70Jof72aM=
golang.org/x/sync v0.0.0-20181108010431-42b317875d0f h1:Bl/8QSvNqXvPGPGXa2z5xUTmV7VDcZyvRZ+QQXkXTZQ=
golang.org/x/sync v0.0.0-20181108010431-42b317875d0f/go.mod h1:RxMgew5VJxzue5/jJTE5uejpjVlOe/izrB70Jof72aM=
